
Microsoft Visual Studio Solution File, Format Version 12.00
# Visual Studio Version 17
VisualStudioVersion = 17.14.36203.30
MinimumVisualStudioVersion = 10.0.40219.1
Project("{FAE04EC0-301F-11D3-BF4B-00C04F79EFBC}") = "secwin.console", "secwin.console\secwin.console.csproj", "{FBFB4BA4-0001-4C40-BC1F-AC07B9AE674D}"
EndProject
Project("{FAE04EC0-301F-11D3-BF4B-00C04F79EFBC}") = "secwin.core", "secwin.core\secwin.core.csproj", "{15563EB4-CD09-4320-8738-456A02D2A53B}"
EndProject
Project("{FAE04EC0-301F-11D3-BF4B-00C04F79EFBC}") = "secwin.service", "secwin.service\secwin.service.csproj", "{710FE2B0-E1D7-4478-9DA3-8A649FCA9777}"
EndProject
Project("{B7DD6F7E-DEF8-4E67-B5B7-07EF123DB6F0}") = "secwin.setup", "secwin.setup\secwin.setup.wixproj", "{4C478432-3793-1DAE-E2F4-800AE74C4E2E}"
EndProject
Global
	GlobalSection(SolutionConfigurationPlatforms) = preSolution
		Debug|Any CPU = Debug|Any CPU
		Debug|ARM64 = Debug|ARM64
		Debug|x64 = Debug|x64
		Debug|x86 = Debug|x86
		Release|Any CPU = Release|Any CPU
		Release|ARM64 = Release|ARM64
		Release|x64 = Release|x64
		Release|x86 = Release|x86
	EndGlobalSection
	GlobalSection(ProjectConfigurationPlatforms) = postSolution
		{FBFB4BA4-0001-4C40-BC1F-AC07B9AE674D}.Debug|Any CPU.ActiveCfg = Debug|Any CPU
		{FBFB4BA4-0001-4C40-BC1F-AC07B9AE674D}.Debug|Any CPU.Build.0 = Debug|Any CPU
		{FBFB4BA4-0001-4C40-BC1F-AC07B9AE674D}.Debug|ARM64.ActiveCfg = Debug|Any CPU
		{FBFB4BA4-0001-4C40-BC1F-AC07B9AE674D}.Debug|ARM64.Build.0 = Debug|Any CPU
		{FBFB4BA4-0001-4C40-BC1F-AC07B9AE674D}.Debug|x64.ActiveCfg = Debug|Any CPU
		{FBFB4BA4-0001-4C40-BC1F-AC07B9AE674D}.Debug|x64.Build.0 = Debug|Any CPU
		{FBFB4BA4-0001-4C40-BC1F-AC07B9AE674D}.Debug|x86.ActiveCfg = Debug|Any CPU
		{FBFB4BA4-0001-4C40-BC1F-AC07B9AE674D}.Debug|x86.Build.0 = Debug|Any CPU
		{FBFB4BA4-0001-4C40-BC1F-AC07B9AE674D}.Release|Any CPU.ActiveCfg = Release|Any CPU
		{FBFB4BA4-0001-4C40-BC1F-AC07B9AE674D}.Release|Any CPU.Build.0 = Release|Any CPU
		{FBFB4BA4-0001-4C40-BC1F-AC07B9AE674D}.Release|ARM64.ActiveCfg = Release|Any CPU
		{FBFB4BA4-0001-4C40-BC1F-AC07B9AE674D}.Release|ARM64.Build.0 = Release|Any CPU
		{FBFB4BA4-0001-4C40-BC1F-AC07B9AE674D}.Release|x64.ActiveCfg = Release|Any CPU
		{FBFB4BA4-0001-4C40-BC1F-AC07B9AE674D}.Release|x64.Build.0 = Release|Any CPU
		{FBFB4BA4-0001-4C40-BC1F-AC07B9AE674D}.Release|x86.ActiveCfg = Release|Any CPU
		{FBFB4BA4-0001-4C40-BC1F-AC07B9AE674D}.Release|x86.Build.0 = Release|Any CPU
		{15563EB4-CD09-4320-8738-456A02D2A53B}.Debug|Any CPU.ActiveCfg = Debug|Any CPU
		{15563EB4-CD09-4320-8738-456A02D2A53B}.Debug|Any CPU.Build.0 = Debug|Any CPU
		{15563EB4-CD09-4320-8738-456A02D2A53B}.Debug|ARM64.ActiveCfg = Debug|Any CPU
		{15563EB4-CD09-4320-8738-456A02D2A53B}.Debug|ARM64.Build.0 = Debug|Any CPU
		{15563EB4-CD09-4320-8738-456A02D2A53B}.Debug|x64.ActiveCfg = Debug|Any CPU
		{15563EB4-CD09-4320-8738-456A02D2A53B}.Debug|x64.Build.0 = Debug|Any CPU
		{15563EB4-CD09-4320-8738-456A02D2A53B}.Debug|x86.ActiveCfg = Debug|Any CPU
		{15563EB4-CD09-4320-8738-456A02D2A53B}.Debug|x86.Build.0 = Debug|Any CPU
		{15563EB4-CD09-4320-8738-456A02D2A53B}.Release|Any CPU.ActiveCfg = Release|Any CPU
		{15563EB4-CD09-4320-8738-456A02D2A53B}.Release|Any CPU.Build.0 = Release|Any CPU
		{15563EB4-CD09-4320-8738-456A02D2A53B}.Release|ARM64.ActiveCfg = Release|Any CPU
		{15563EB4-CD09-4320-8738-456A02D2A53B}.Release|ARM64.Build.0 = Release|Any CPU
		{15563EB4-CD09-4320-8738-456A02D2A53B}.Release|x64.ActiveCfg = Release|Any CPU
		{15563EB4-CD09-4320-8738-456A02D2A53B}.Release|x64.Build.0 = Release|Any CPU
		{15563EB4-CD09-4320-8738-456A02D2A53B}.Release|x86.ActiveCfg = Release|Any CPU
		{15563EB4-CD09-4320-8738-456A02D2A53B}.Release|x86.Build.0 = Release|Any CPU
		{710FE2B0-E1D7-4478-9DA3-8A649FCA9777}.Debug|Any CPU.ActiveCfg = Debug|Any CPU
		{710FE2B0-E1D7-4478-9DA3-8A649FCA9777}.Debug|Any CPU.Build.0 = Debug|Any CPU
		{710FE2B0-E1D7-4478-9DA3-8A649FCA9777}.Debug|ARM64.ActiveCfg = Debug|Any CPU
		{710FE2B0-E1D7-4478-9DA3-8A649FCA9777}.Debug|ARM64.Build.0 = Debug|Any CPU
		{710FE2B0-E1D7-4478-9DA3-8A649FCA9777}.Debug|x64.ActiveCfg = Debug|Any CPU
		{710FE2B0-E1D7-4478-9DA3-8A649FCA9777}.Debug|x64.Build.0 = Debug|Any CPU
		{710FE2B0-E1D7-4478-9DA3-8A649FCA9777}.Debug|x86.ActiveCfg = Debug|Any CPU
		{710FE2B0-E1D7-4478-9DA3-8A649FCA9777}.Debug|x86.Build.0 = Debug|Any CPU
		{710FE2B0-E1D7-4478-9DA3-8A649FCA9777}.Release|Any CPU.ActiveCfg = Release|Any CPU
		{710FE2B0-E1D7-4478-9DA3-8A649FCA9777}.Release|Any CPU.Build.0 = Release|Any CPU
		{710FE2B0-E1D7-4478-9DA3-8A649FCA9777}.Release|ARM64.ActiveCfg = Release|Any CPU
		{710FE2B0-E1D7-4478-9DA3-8A649FCA9777}.Release|ARM64.Build.0 = Release|Any CPU
		{710FE2B0-E1D7-4478-9DA3-8A649FCA9777}.Release|x64.ActiveCfg = Release|Any CPU
		{710FE2B0-E1D7-4478-9DA3-8A649FCA9777}.Release|x64.Build.0 = Release|Any CPU
		{710FE2B0-E1D7-4478-9DA3-8A649FCA9777}.Release|x86.ActiveCfg = Release|Any CPU
		{710FE2B0-E1D7-4478-9DA3-8A649FCA9777}.Release|x86.Build.0 = Release|Any CPU
		{4C478432-3793-1DAE-E2F4-800AE74C4E2E}.Debug|Any CPU.ActiveCfg = Debug|x64
		{4C478432-3793-1DAE-E2F4-800AE74C4E2E}.Debug|Any CPU.Build.0 = Debug|x64
		{4C478432-3793-1DAE-E2F4-800AE74C4E2E}.Debug|ARM64.ActiveCfg = Debug|ARM64
		{4C478432-3793-1DAE-E2F4-800AE74C4E2E}.Debug|ARM64.Build.0 = Debug|ARM64
		{4C478432-3793-1DAE-E2F4-800AE74C4E2E}.Debug|x64.ActiveCfg = Debug|x64
		{4C478432-3793-1DAE-E2F4-800AE74C4E2E}.Debug|x64.Build.0 = Debug|x64
		{4C478432-3793-1DAE-E2F4-800AE74C4E2E}.Debug|x86.ActiveCfg = Debug|x86
		{4C478432-3793-1DAE-E2F4-800AE74C4E2E}.Debug|x86.Build.0 = Debug|x86
		{4C478432-3793-1DAE-E2F4-800AE74C4E2E}.Release|Any CPU.ActiveCfg = Release|x64
		{4C478432-3793-1DAE-E2F4-800AE74C4E2E}.Release|Any CPU.Build.0 = Release|x64
		{4C478432-3793-1DAE-E2F4-800AE74C4E2E}.Release|ARM64.ActiveCfg = Release|ARM64
		{4C478432-3793-1DAE-E2F4-800AE74C4E2E}.Release|ARM64.Build.0 = Release|ARM64
		{4C478432-3793-1DAE-E2F4-800AE74C4E2E}.Release|x64.ActiveCfg = Release|x64
		{4C478432-3793-1DAE-E2F4-800AE74C4E2E}.Release|x64.Build.0 = Release|x64
		{4C478432-3793-1DAE-E2F4-800AE74C4E2E}.Release|x86.ActiveCfg = Release|x86
		{4C478432-3793-1DAE-E2F4-800AE74C4E2E}.Release|x86.Build.0 = Release|x86
	EndGlobalSection
	GlobalSection(SolutionProperties) = preSolution
		HideSolutionNode = FALSE
	EndGlobalSection
	GlobalSection(ExtensibilityGlobals) = postSolution
		SolutionGuid = {91CF87C3-710E-4496-81B6-12630CB7FCA8}
	EndGlobalSection
EndGlobal
